// !$*UTF8*$!
{
	archiveVersion = 1;
	classes = {
	};
	objectVersion = 46;
	objects = {

/* Begin PBXBuildFile section */
		BB67AB451E1DEF5D00A3A2B3 /* main.m in Sources */ = {isa = PBXBuildFile; fileRef = BB67AB441E1DEF5D00A3A2B3 /* main.m */; };
		BB67AB481E1DEF5D00A3A2B3 /* AppDelegate.m in Sources */ = {isa = PBXBuildFile; fileRef = BB67AB471E1DEF5D00A3A2B3 /* AppDelegate.m */; };
		BB67AB4B1E1DEF5D00A3A2B3 /* ViewController.m in Sources */ = {isa = PBXBuildFile; fileRef = BB67AB4A1E1DEF5D00A3A2B3 /* ViewController.m */; };
		BB67AB4E1E1DEF5D00A3A2B3 /* Main.storyboard in Resources */ = {isa = PBXBuildFile; fileRef = BB67AB4C1E1DEF5D00A3A2B3 /* Main.storyboard */; };
		BB67AB501E1DEF5D00A3A2B3 /* Assets.xcassets in Resources */ = {isa = PBXBuildFile; fileRef = BB67AB4F1E1DEF5D00A3A2B3 /* Assets.xcassets */; };
		BB67AB531E1DEF5D00A3A2B3 /* LaunchScreen.storyboard in Resources */ = {isa = PBXBuildFile; fileRef = BB67AB511E1DEF5D00A3A2B3 /* LaunchScreen.storyboard */; };
		BB67AB5E1E1DEF5D00A3A2B3 /* APP1Tests.m in Sources */ = {isa = PBXBuildFile; fileRef = BB67AB5D1E1DEF5D00A3A2B3 /* APP1Tests.m */; };
/* End PBXBuildFile section */

/* Begin PBXContainerItemProxy section */
		BB67AB5A1E1DEF5D00A3A2B3 /* PBXContainerItemProxy */ = {
			isa = PBXContainerItemProxy;
			containerPortal = BB67AB381E1DEF5D00A3A2B3 /* Project object */;
			proxyType = 1;
			remoteGlobalIDString = BB67AB3F1E1DEF5D00A3A2B3;
			remoteInfo = APP1;
		};
/* End PBXContainerItemProxy section */

/* Begin PBXFileReference section */
		BB67AB401E1DEF5D00A3A2B3 /* APP1.app */ = {isa = PBXFileReference; explicitFileType = wrapper.application; includeInIndex = 0; path = APP1.app; sourceTree = BUILT_PRODUCTS_DIR; };
		BB67AB441E1DEF5D00A3A2B3 /* main.m */ = {isa = PBXFileReference; lastKnownFileType = sourcecode.c.objc; path = main.m; sourceTree = "<group>"; };
		BB67AB461E1DEF5D00A3A2B3 /* AppDelegate.h */ = {isa = PBXFileReference; lastKnownFileType = sourcecode.c.h; path = AppDelegate.h; sourceTree = "<group>"; };
		BB67AB471E1DEF5D00A3A2B3 /* AppDelegate.m */ = {isa = PBXFileReference; lastKnownFileType = sourcecode.c.objc; path = AppDelegate.m; sourceTree = "<group>"; };
		BB67AB491E1DEF5D00A3A2B3 /* ViewController.h */ = {isa = PBXFileReference; lastKnownFileType = sourcecode.c.h; path = ViewController.h; sourceTree = "<group>"; };
		BB67AB4A1E1DEF5D00A3A2B3 /* ViewController.m */ = {isa = PBXFileReference; lastKnownFileType = sourcecode.c.objc; path = ViewController.m; sourceTree = "<group>"; };
		BB67AB4D1E1DEF5D00A3A2B3 /* Base */ = {isa = PBXFileReference; lastKnownFileType = file.storyboard; name = Base; path = Base.lproj/Main.storyboard; sourceTree = "<group>"; };
		BB67AB4F1E1DEF5D00A3A2B3 /* Assets.xcassets */ = {isa = PBXFileReference; lastKnownFileType = folder.assetcatalog; path = Assets.xcassets; sourceTree = "<group>"; };
		BB67AB521E1DEF5D00A3A2B3 /* Base */ = {isa = PBXFileReference; lastKnownFileType = file.storyboard; name = Base; path = Base.lproj/LaunchScreen.storyboard; sourceTree = "<group>"; };
		BB67AB541E1DEF5D00A3A2B3 /* Info.plist */ = {isa = PBXFileReference; lastKnownFileType = text.plist.xml; path = Info.plist; sourceTree = "<group>"; };
		BB67AB591E1DEF5D00A3A2B3 /* APP1Tests.xctest */ = {isa = PBXFileReference; explicitFileType = wrapper.cfbundle; includeInIndex = 0; path = APP1Tests.xctest; sourceTree = BUILT_PRODUCTS_DIR; };
		BB67AB5D1E1DEF5D00A3A2B3 /* APP1Tests.m */ = {isa = PBXFileReference; lastKnownFileType = sourcecode.c.objc; path = APP1Tests.m; sourceTree = "<group>"; };
		BB67AB5F1E1DEF5D00A3A2B3 /* Info.plist */ = {isa = PBXFileReference; lastKnownFileType = text.plist.xml; path = Info.plist; sourceTree = "<group>"; };
/* End PBXFileReference section */

/* Begin PBXFrameworksBuildPhase section */
		BB67AB3D1E1DEF5D00A3A2B3 /* Frameworks */ = {
			isa = PBXFrameworksBuildPhase;
			buildActionMask = 2147483647;
			files = (
			);
			runOnlyForDeploymentPostprocessing = 0;
		};
		BB67AB561E1DEF5D00A3A2B3 /* Frameworks */ = {
			isa = PBXFrameworksBuildPhase;
			buildActionMask = 2147483647;
			files = (
			);
			runOnlyForDeploymentPostprocessing = 0;
		};
/* End PBXFrameworksBuildPhase section */

/* Begin PBXGroup section */
		BB67AB371E1DEF5D00A3A2B3 = {
			isa = PBXGroup;
			children = (
				BB67AB421E1DEF5D00A3A2B3 /* APP1 */,
				BB67AB5C1E1DEF5D00A3A2B3 /* APP1Tests */,
				BB67AB411E1DEF5D00A3A2B3 /* Products */,
			);
			sourceTree = "<group>";
		};
		BB67AB411E1DEF5D00A3A2B3 /* Products */ = {
			isa = PBXGroup;
			children = (
				BB67AB401E1DEF5D00A3A2B3 /* APP1.app */,
				BB67AB591E1DEF5D00A3A2B3 /* APP1Tests.xctest */,
			);
			name = Products;
			sourceTree = "<group>";
		};
		BB67AB421E1DEF5D00A3A2B3 /* APP1 */ = {
			isa = PBXGroup;
			children = (
				BB67AB461E1DEF5D00A3A2B3 /* AppDelegate.h */,
				BB67AB471E1DEF5D00A3A2B3 /* AppDelegate.m */,
				BB67AB491E1DEF5D00A3A2B3 /* ViewController.h */,
				BB67AB4A1E1DEF5D00A3A2B3 /* ViewController.m */,
				BB67AB4C1E1DEF5D00A3A2B3 /* Main.storyboard */,
				BB67AB4F1E1DEF5D00A3A2B3 /* Assets.xcassets */,
				BB67AB511E1DEF5D00A3A2B3 /* LaunchScreen.storyboard */,
				BB67AB541E1DEF5D00A3A2B3 /* Info.plist */,
				BB67AB431E1DEF5D00A3A2B3 /* Supporting Files */,
			);
			path = APP1;
			sourceTree = "<group>";
		};
		BB67AB431E1DEF5D00A3A2B3 /* Supporting Files */ = {
			isa = PBXGroup;
			children = (
				BB67AB441E1DEF5D00A3A2B3 /* main.m */,
			);
			name = "Supporting Files";
			sourceTree = "<group>";
		};
		BB67AB5C1E1DEF5D00A3A2B3 /* APP1Tests */ = {
			isa = PBXGroup;
			children = (
				BB67AB5D1E1DEF5D00A3A2B3 /* APP1Tests.m */,
				BB67AB5F1E1DEF5D00A3A2B3 /* Info.plist */,
			);
			path = APP1Tests;
			sourceTree = "<group>";
		};
/* End PBXGroup section */

/* Begin PBXNativeTarget section */
		BB67AB3F1E1DEF5D00A3A2B3 /* APP1 */ = {
			isa = PBXNativeTarget;
			buildConfigurationList = BB67AB621E1DEF5D00A3A2B3 /* Build configuration list for PBXNativeTarget "APP1" */;
			buildPhases = (
				BB67AB3C1E1DEF5D00A3A2B3 /* Sources */,
				BB67AB3D1E1DEF5D00A3A2B3 /* Frameworks */,
				BB67AB3E1E1DEF5D00A3A2B3 /* Resources */,
			);
			buildRules = (
			);
			dependencies = (
			);
			name = APP1;
			productName = APP1;
			productReference = BB67AB401E1DEF5D00A3A2B3 /* APP1.app */;
			productType = "com.apple.product-type.application";
		};
		BB67AB581E1DEF5D00A3A2B3 /* APP1Tests */ = {
			isa = PBXNativeTarget;
			buildConfigurationList = BB67AB651E1DEF5D00A3A2B3 /* Build configuration list for PBXNativeTarget "APP1Tests" */;
			buildPhases = (
				BB67AB551E1DEF5D00A3A2B3 /* Sources */,
				BB67AB561E1DEF5D00A3A2B3 /* Frameworks */,
				BB67AB571E1DEF5D00A3A2B3 /* Resources */,
			);
			buildRules = (
			);
			dependencies = (
				BB67AB5B1E1DEF5D00A3A2B3 /* PBXTargetDependency */,
			);
			name = APP1Tests;
			productName = APP1Tests;
			productReference = BB67AB591E1DEF5D00A3A2B3 /* APP1Tests.xctest */;
			productType = "com.apple.product-type.bundle.unit-test";
		};
/* End PBXNativeTarget section */

/* Begin PBXProject section */
		BB67AB381E1DEF5D00A3A2B3 /* Project object */ = {
			isa = PBXProject;
			attributes = {
				LastUpgradeCheck = 0810;
				ORGANIZATIONNAME = CwLife;
				TargetAttributes = {
					BB67AB3F1E1DEF5D00A3A2B3 = {
						CreatedOnToolsVersion = 8.1;
						DevelopmentTeam = SK2SB88S9G;
						ProvisioningStyle = Automatic;
					};
					BB67AB581E1DEF5D00A3A2B3 = {
						CreatedOnToolsVersion = 8.1;
						DevelopmentTeam = SK2SB88S9G;
						ProvisioningStyle = Automatic;
						TestTargetID = BB67AB3F1E1DEF5D00A3A2B3;
					};
				};
			};
			buildConfigurationList = BB67AB3B1E1DEF5D00A3A2B3 /* Build configuration list for PBXProject "APP1" */;
			compatibilityVersion = "Xcode 3.2";
			developmentRegion = English;
			hasScannedForEncodings = 0;
			knownRegions = (
				en,
				Base,
			);
			mainGroup = BB67AB371E1DEF5D00A3A2B3;
			productRefGroup = BB67AB411E1DEF5D00A3A2B3 /* Products */;
			projectDirPath = "";
			projectRoot = "";
			targets = (
				BB67AB3F1E1DEF5D00A3A2B3 /* APP1 */,
				BB67AB581E1DEF5D00A3A2B3 /* APP1Tests */,
			);
		};
/* End PBXProject section */

/* Begin PBXResourcesBuildPhase section */
		BB67AB3E1E1DEF5D00A3A2B3 /* Resources */ = {
			isa = PBXResourcesBuildPhase;
			buildActionMask = 2147483647;
			files = (
				BB67AB531E1DEF5D00A3A2B3 /* LaunchScreen.storyboard in Resources */,
				BB67AB501E1DEF5D00A3A2B3 /* Assets.xcassets in Resources */,
				BB67AB4E1E1DEF5D00A3A2B3 /* Main.storyboard in Resources */,
			);
			runOnlyForDeploymentPostprocessing = 0;
		};
		BB67AB571E1DEF5D00A3A2B3 /* Resources */ = {
			isa = PBXResourcesBuildPhase;
			buildActionMask = 2147483647;
			files = (
			);
			runOnlyForDeploymentPostprocessing = 0;
		};
/* End PBXResourcesBuildPhase section */

/* Begin PBXSourcesBuildPhase section */
		BB67AB3C1E1DEF5D00A3A2B3 /* Sources */ = {
			isa = PBXSourcesBuildPhase;
			buildActionMask = 2147483647;
			files = (
				BB67AB4B1E1DEF5D00A3A2B3 /* ViewController.m in Sources */,
				BB67AB481E1DEF5D00A3A2B3 /* AppDelegate.m in Sources */,
				BB67AB451E1DEF5D00A3A2B3 /* main.m in Sources */,
			);
			runOnlyForDeploymentPostprocessing = 0;
		};
		BB67AB551E1DEF5D00A3A2B3 /* Sources */ = {
			isa = PBXSourcesBuildPhase;
			buildActionMask = 2147483647;
			files = (
				BB67AB5E1E1DEF5D00A3A2B3 /* APP1Tests.m in Sources */,
			);
			runOnlyForDeploymentPostprocessing = 0;
		};
/* End PBXSourcesBuildPhase section */

/* Begin PBXTargetDependency section */
		BB67AB5B1E1DEF5D00A3A2B3 /* PBXTargetDependency */ = {
			isa = PBXTargetDependency;
			target = BB67AB3F1E1DEF5D00A3A2B3 /* APP1 */;
			targetProxy = BB67AB5A1E1DEF5D00A3A2B3 /* PBXContainerItemProxy */;
		};
/* End PBXTargetDependency section */

/* Begin PBXVariantGroup section */
		BB67AB4C1E1DEF5D00A3A2B3 /* Main.storyboard */ = {
			isa = PBXVariantGroup;
			children = (
				BB67AB4D1E1DEF5D00A3A2B3 /* Base */,
			);
			name = Main.storyboard;
			sourceTree = "<group>";
		};
		BB67AB511E1DEF5D00A3A2B3 /* LaunchScreen.storyboard */ = {
			isa = PBXVariantGroup;
			children = (
				BB67AB521E1DEF5D00A3A2B3 /* Base */,
			);
			name = LaunchScreen.storyboard;
			sourceTree = "<group>";
		};
/* End PBXVariantGroup section */

/* Begin XCBuildConfiguration section */
		BB67AB601E1DEF5D00A3A2B3 /* Debug */ = {
			isa = XCBuildConfiguration;
			buildSettings = {
				ALWAYS_SEARCH_USER_PATHS = NO;
				CLANG_ANALYZER_NONNULL = YES;
				CLANG_CXX_LANGUAGE_STANDARD = "gnu++0x";
				CLANG_CXX_LIBRARY = "libc++";
				CLANG_ENABLE_MODULES = YES;
				CLANG_ENABLE_OBJC_ARC = YES;
				CLANG_WARN_BOOL_CONVERSION = YES;
				CLANG_WARN_CONSTANT_CONVERSION = YES;
				CLANG_WARN_DIRECT_OBJC_ISA_USAGE = YES_ERROR;
				CLANG_WARN_DOCUMENTATION_COMMENTS = YES;
				CLANG_WARN_EMPTY_BODY = YES;
				CLANG_WARN_ENUM_CONVERSION = YES;
				CLANG_WARN_INFINITE_RECURSION = YES;
				CLANG_WARN_INT_CONVERSION = YES;
				CLANG_WARN_OBJC_ROOT_CLASS = YES_ERROR;
				CLANG_WARN_SUSPICIOUS_MOVES = YES;
				CLANG_WARN_UNREACHABLE_CODE = YES;
				CLANG_WARN__DUPLICATE_METHOD_MATCH = YES;
				"CODE_SIGN_IDENTITY[sdk=iphoneos*]" = "iPhone Developer";
				COPY_PHASE_STRIP = NO;
				DEBUG_INFORMATION_FORMAT = dwarf;
				ENABLE_STRICT_OBJC_MSGSEND = YES;
				ENABLE_TESTABILITY = YES;
				GCC_C_LANGUAGE_STANDARD = gnu99;
				GCC_DYNAMIC_NO_PIC = NO;
				GCC_NO_COMMON_BLOCKS = YES;
				GCC_OPTIMIZATION_LEVEL = 0;
				GCC_PREPROCESSOR_DEFINITIONS = (
					"DEBUG=1",
					"$(inherited)",
				);
				GCC_WARN_64_TO_32_BIT_CONVERSION = YES;
				GCC_WARN_ABOUT_RETURN_TYPE = YES_ERROR;
				GCC_WARN_UNDECLARED_SELECTOR = YES;
				GCC_WARN_UNINITIALIZED_AUTOS = YES_AGGRESSIVE;
				GCC_WARN_UNUSED_FUNCTION = YES;
				GCC_WARN_UNUSED_VARIABLE = YES;
				IPHONEOS_DEPLOYMENT_TARGET = 10.1;
				MTL_ENABLE_DEBUG_INFO = YES;
				ONLY_ACTIVE_ARCH = YES;
				SDKROOT = iphoneos;
			};
			name = Debug;
		};
		BB67AB611E1DEF5D00A3A2B3 /* Release */ = {
			isa = XCBuildConfiguration;
			buildSettings = {
				ALWAYS_SEARCH_USER_PATHS = NO;
				CLANG_ANALYZER_NONNULL = YES;
				CLANG_CXX_LANGUAGE_STANDARD = "gnu++0x";
				CLANG_CXX_LIBRARY = "libc++";
				CLANG_ENABLE_MODULES = YES;
				CLANG_ENABLE_OBJC_ARC = YES;
				CLANG_WARN_BOOL_CONVERSION = YES;
				CLANG_WARN_CONSTANT_CONVERSION = YES;
				CLANG_WARN_DIRECT_OBJC_ISA_USAGE = YES_ERROR;
				CLANG_WARN_DOCUMENTATION_COMMENTS = YES;
				CLANG_WARN_EMPTY_BODY = YES;
				CLANG_WARN_ENUM_CONVERSION = YES;
				CLANG_WARN_INFINITE_RECURSION = YES;
				CLANG_WARN_INT_CONVERSION = YES;
				CLANG_WARN_OBJC_ROOT_CLASS = YES_ERROR;
				CLANG_WARN_SUSPICIOUS_MOVES = YES;
				CLANG_WARN_UNREACHABLE_CODE = YES;
				CLANG_WARN__DUPLICATE_METHOD_MATCH = YES;
				"CODE_SIGN_IDENTITY[sdk=iphoneos*]" = "iPhone Developer";
				COPY_PHASE_STRIP = NO;
				DEBUG_INFORMATION_FORMAT = "dwarf-with-dsym";
				ENABLE_NS_ASSERTIONS = NO;
				ENABLE_STRICT_OBJC_MSGSEND = YES;
				GCC_C_LANGUAGE_STANDARD = gnu99;
				GCC_NO_COMMON_BLOCKS = YES;
				GCC_WARN_64_TO_32_BIT_CONVERSION = YES;
				GCC_WARN_ABOUT_RETURN_TYPE = YES_ERROR;
				GCC_WARN_UNDECLARED_SELECTOR = YES;
				GCC_WARN_UNINITIALIZED_AUTOS = YES_AGGRESSIVE;
				GCC_WARN_UNUSED_FUNCTION = YES;
				GCC_WARN_UNUSED_VARIABLE = YES;
				IPHONEOS_DEPLOYMENT_TARGET = 10.1;
				MTL_ENABLE_DEBUG_INFO = NO;
				SDKROOT = iphoneos;
				VALIDATE_PRODUCT = YES;
			};
			name = Release;
		};
		BB67AB631E1DEF5D00A3A2B3 /* Debug */ = {
			isa = XCBuildConfiguration;
			buildSettings = {
				ASSETCATALOG_COMPILER_APPICON_NAME = AppIcon;
				DEVELOPMENT_TEAM = SK2SB88S9G;
				INFOPLIST_FILE = APP1/Info.plist;
				IPHONEOS_DEPLOYMENT_TARGET = 8.4;
				LD_RUNPATH_SEARCH_PATHS = "$(inherited) @executable_path/Frameworks";
				PRODUCT_BUNDLE_IDENTIFIER = CwLife.APP1;
				PRODUCT_NAME = "$(TARGET_NAME)";
			};
			name = Debug;
		};
		BB67AB641E1DEF5D00A3A2B3 /* Release */ = {
			isa = XCBuildConfiguration;
			buildSettings = {
				ASSETCATALOG_COMPILER_APPICON_NAME = AppIcon;
				DEVELOPMENT_TEAM = SK2SB88S9G;
				INFOPLIST_FILE = APP1/Info.plist;
				IPHONEOS_DEPLOYMENT_TARGET = 8.4;
				LD_RUNPATH_SEARCH_PATHS = "$(inherited) @executable_path/Frameworks";
				PRODUCT_BUNDLE_IDENTIFIER = CwLife.APP1;
				PRODUCT_NAME = "$(TARGET_NAME)";
			};
			name = Release;
		};
		BB67AB661E1DEF5D00A3A2B3 /* Debug */ = {
			isa = XCBuildConfiguration;
			buildSettings = {
				BUNDLE_LOADER = "$(TEST_HOST)";
				DEVELOPMENT_TEAM = SK2SB88S9G;
				INFOPLIST_FILE = APP1Tests/Info.plist;
				LD_RUNPATH_SEARCH_PATHS = "$(inherited) @executable_path/Frameworks @loader_path/Frameworks";
				PRODUCT_BUNDLE_IDENTIFIER = CwLife.APP1Tests;
				PRODUCT_NAME = "$(TARGET_NAME)";
				TEST_HOST = "$(BUILT_PRODUCTS_DIR)/APP1.app/APP1";
			};
			name = Debug;
		};
		BB67AB671E1DEF5D00A3A2B3 /* Release */ = {
			isa = XCBuildConfiguration;
			buildSettings = {
				BUNDLE_LOADER = "$(TEST_HOST)";
				DEVELOPMENT_TEAM = SK2SB88S9G;
				INFOPLIST_FILE = APP1Tests/Info.plist;
				LD_RUNPATH_SEARCH_PATHS = "$(inherited) @executable_path/Frameworks @loader_path/Frameworks";
				PRODUCT_BUNDLE_IDENTIFIER = CwLife.APP1Tests;
				PRODUCT_NAME = "$(TARGET_NAME)";
				TEST_HOST = "$(BUILT_PRODUCTS_DIR)/APP1.app/APP1";
			};
			name = Release;
		};
/* End XCBuildConfiguration section */

/* Begin XCConfigurationList section */
		BB67AB3B1E1DEF5D00A3A2B3 /* Build configuration list for PBXProject "APP1" */ = {
			isa = XCConfigurationList;
			buildConfigurations = (
				BB67AB601E1DEF5D00A3A2B3 /* Debug */,
				BB67AB611E1DEF5D00A3A2B3 /* Release */,
			);
			defaultConfigurationIsVisible = 0;
			defaultConfigurationName = Release;
		};
		BB67AB621E1DEF5D00A3A2B3 /* Build configuration list for PBXNativeTarget "APP1" */ = {
			isa = XCConfigurationList;
			buildConfigurations = (
				BB67AB631E1DEF5D00A3A2B3 /* Debug */,
				BB67AB641E1DEF5D00A3A2B3 /* Release */,
			);
			defaultConfigurationIsVisible = 0;
		};
		BB67AB651E1DEF5D00A3A2B3 /* Build configuration list for PBXNativeTarget "APP1Tests" */ = {
			isa = XCConfigurationList;
			buildConfigurations = (
				BB67AB661E1DEF5D00A3A2B3 /* Debug */,
				BB67AB671E1DEF5D00A3A2B3 /* Release */,
			);
			defaultConfigurationIsVisible = 0;
		};
/* End XCConfigurationList section */
	};
	rootObject = BB67AB381E1DEF5D00A3A2B3 /* Project object */;
}
